
Microsoft Visual Studio Solution File, Format Version 12.00
# Visual Studio 15
VisualStudioVersion = 15.0.27428.2015
MinimumVisualStudioVersion = 10.0.40219.1
Project("{FAE04EC0-301F-11D3-BF4B-00C04F79EFBC}") = "EXPENSIVE UNIQUE (GEN) (Maps)", "EXPENSIVE UNIQUE (Maps)\EXPENSIVE UNIQUE (GEN) (Maps).csproj", "{964745AD-FE02-49C3-8E9E-4773D4F526A0}"
EndProject
Project("{FAE04EC0-301F-11D3-BF4B-00C04F79EFBC}") = "DIVINATION CARD (GEN)", "DIVINATION CARD (GEN)\DIVINATION CARD (GEN).csproj", "{2DA1EB7B-8508-42C6-828B-87D5DCFA3CF2}"
EndProject
Project("{FAE04EC0-301F-11D3-BF4B-00C04F79EFBC}") = "EXPENSIVE UNIQUE (GEN) (Weapons)", "EXPENSIVE UNIQUE (GEN) (Weapons)\EXPENSIVE UNIQUE (GEN) (Weapons).csproj", "{53EA625F-4C5F-4584-A96F-78BE5E54657A}"
EndProject
Project("{FAE04EC0-301F-11D3-BF4B-00C04F79EFBC}") = "EXPENSIVE UNIQUE (GEN) (Armours)", "EXPENSIVE UNIQUE (GEN) (Armours)\EXPENSIVE UNIQUE (GEN) (Armours).csproj", "{5A818D39-CAFF-49B0-A3BB-EAB5A063B329}"
EndProject
Project("{FAE04EC0-301F-11D3-BF4B-00C04F79EFBC}") = "EXPENSIVE UNIQUE (GEN) (Accessories)", "EXPENSIVE UNIQUE (GEN) (Accessories)\EXPENSIVE UNIQUE (GEN) (Accessories).csproj", "{636E5A6B-CC9D-45CD-A554-024324E701B5}"
EndProject
Project("{FAE04EC0-301F-11D3-BF4B-00C04F79EFBC}") = "CHANCING (Body)", "CHANCING (Body)\CHANCING (Body).csproj", "{B4433CCE-879E-4061-9E18-518D473A39DC}"
EndProject
Project("{FAE04EC0-301F-11D3-BF4B-00C04F79EFBC}") = "CHANCING (Boots)", "CHANCING (Boots)\CHANCING (Boots).csproj", "{BB8A89F2-5FD2-476C-8484-B01B60D70576}"
EndProject
Project("{FAE04EC0-301F-11D3-BF4B-00C04F79EFBC}") = "CHANCING (Gloves)", "CHANCING (Gloves)\CHANCING (Gloves).csproj", "{08A15B18-3572-4A15-8FEB-16933C1E34C2}"
EndProject
Project("{FAE04EC0-301F-11D3-BF4B-00C04F79EFBC}") = "CHANCING (Helmet)", "CHANCING (Helmet)\CHANCING (Helmet).csproj", "{F66DADB1-0E93-406F-AA8C-5FD93733455A}"
EndProject
Project("{FAE04EC0-301F-11D3-BF4B-00C04F79EFBC}") = "CHANCING (Quiver)", "CHANCING (Quiver)\CHANCING (Quiver).csproj", "{EEAB1016-0C68-441C-9BED-58C00163BC3B}"
EndProject
Project("{FAE04EC0-301F-11D3-BF4B-00C04F79EFBC}") = "CHANCING (Shield)", "CHANCING (Shield)\CHANCING (Shield).csproj", "{9530B929-416B-43FE-A1BA-FEEBFFB97575}"
EndProject
Project("{FAE04EC0-301F-11D3-BF4B-00C04F79EFBC}") = "CHANCING (Belt)", "CHANCING (Belt)\CHANCING (Belt).csproj", "{30965CCD-46DF-47A3-BDBC-6FC0B0900B4E}"
EndProject
Project("{FAE04EC0-301F-11D3-BF4B-00C04F79EFBC}") = "Tiers (DATA)", "Tiers (DATA)\Tiers (DATA).csproj", "{428B5A68-922A-4651-88FC-A6C194C10BD8}"
EndProject
Global
	GlobalSection(SolutionConfigurationPlatforms) = preSolution
		Debug|Any CPU = Debug|Any CPU
		Release|Any CPU = Release|Any CPU
	EndGlobalSection
	GlobalSection(ProjectConfigurationPlatforms) = postSolution
		{964745AD-FE02-49C3-8E9E-4773D4F526A0}.Debug|Any CPU.ActiveCfg = Debug|Any CPU
		{964745AD-FE02-49C3-8E9E-4773D4F526A0}.Debug|Any CPU.Build.0 = Debug|Any CPU
		{964745AD-FE02-49C3-8E9E-4773D4F526A0}.Release|Any CPU.ActiveCfg = Release|Any CPU
		{964745AD-FE02-49C3-8E9E-4773D4F526A0}.Release|Any CPU.Build.0 = Release|Any CPU
		{2DA1EB7B-8508-42C6-828B-87D5DCFA3CF2}.Debug|Any CPU.ActiveCfg = Debug|Any CPU
		{2DA1EB7B-8508-42C6-828B-87D5DCFA3CF2}.Debug|Any CPU.Build.0 = Debug|Any CPU
		{2DA1EB7B-8508-42C6-828B-87D5DCFA3CF2}.Release|Any CPU.ActiveCfg = Release|Any CPU
		{2DA1EB7B-8508-42C6-828B-87D5DCFA3CF2}.Release|Any CPU.Build.0 = Release|Any CPU
		{53EA625F-4C5F-4584-A96F-78BE5E54657A}.Debug|Any CPU.ActiveCfg = Debug|Any CPU
		{53EA625F-4C5F-4584-A96F-78BE5E54657A}.Debug|Any CPU.Build.0 = Debug|Any CPU
		{53EA625F-4C5F-4584-A96F-78BE5E54657A}.Release|Any CPU.ActiveCfg = Release|Any CPU
		{53EA625F-4C5F-4584-A96F-78BE5E54657A}.Release|Any CPU.Build.0 = Release|Any CPU
		{5A818D39-CAFF-49B0-A3BB-EAB5A063B329}.Debug|Any CPU.ActiveCfg = Debug|Any CPU
		{5A818D39-CAFF-49B0-A3BB-EAB5A063B329}.Debug|Any CPU.Build.0 = Debug|Any CPU
		{5A818D39-CAFF-49B0-A3BB-EAB5A063B329}.Release|Any CPU.ActiveCfg = Release|Any CPU
		{5A818D39-CAFF-49B0-A3BB-EAB5A063B329}.Release|Any CPU.Build.0 = Release|Any CPU
		{636E5A6B-CC9D-45CD-A554-024324E701B5}.Debug|Any CPU.ActiveCfg = Debug|Any CPU
		{636E5A6B-CC9D-45CD-A554-024324E701B5}.Debug|Any CPU.Build.0 = Debug|Any CPU
		{636E5A6B-CC9D-45CD-A554-024324E701B5}.Release|Any CPU.ActiveCfg = Release|Any CPU
		{636E5A6B-CC9D-45CD-A554-024324E701B5}.Release|Any CPU.Build.0 = Release|Any CPU
		{B4433CCE-879E-4061-9E18-518D473A39DC}.Debug|Any CPU.ActiveCfg = Debug|Any CPU
		{B4433CCE-879E-4061-9E18-518D473A39DC}.Debug|Any CPU.Build.0 = Debug|Any CPU
		{B4433CCE-879E-4061-9E18-518D473A39DC}.Release|Any CPU.ActiveCfg = Release|Any CPU
		{B4433CCE-879E-4061-9E18-518D473A39DC}.Release|Any CPU.Build.0 = Release|Any CPU
		{BB8A89F2-5FD2-476C-8484-B01B60D70576}.Debug|Any CPU.ActiveCfg = Debug|Any CPU
		{BB8A89F2-5FD2-476C-8484-B01B60D70576}.Debug|Any CPU.Build.0 = Debug|Any CPU
		{BB8A89F2-5FD2-476C-8484-B01B60D70576}.Release|Any CPU.ActiveCfg = Release|Any CPU
		{BB8A89F2-5FD2-476C-8484-B01B60D70576}.Release|Any CPU.Build.0 = Release|Any CPU
		{08A15B18-3572-4A15-8FEB-16933C1E34C2}.Debug|Any CPU.ActiveCfg = Debug|Any CPU
		{08A15B18-3572-4A15-8FEB-16933C1E34C2}.Debug|Any CPU.Build.0 = Debug|Any CPU
		{08A15B18-3572-4A15-8FEB-16933C1E34C2}.Release|Any CPU.ActiveCfg = Release|Any CPU
		{08A15B18-3572-4A15-8FEB-16933C1E34C2}.Release|Any CPU.Build.0 = Release|Any CPU
		{F66DADB1-0E93-406F-AA8C-5FD93733455A}.Debug|Any CPU.ActiveCfg = Debug|Any CPU
		{F66DADB1-0E93-406F-AA8C-5FD93733455A}.Debug|Any CPU.Build.0 = Debug|Any CPU
		{F66DADB1-0E93-406F-AA8C-5FD93733455A}.Release|Any CPU.ActiveCfg = Release|Any CPU
		{F66DADB1-0E93-406F-AA8C-5FD93733455A}.Release|Any CPU.Build.0 = Release|Any CPU
		{EEAB1016-0C68-441C-9BED-58C00163BC3B}.Debug|Any CPU.ActiveCfg = Debug|Any CPU
		{EEAB1016-0C68-441C-9BED-58C00163BC3B}.Debug|Any CPU.Build.0 = Debug|Any CPU
		{EEAB1016-0C68-441C-9BED-58C00163BC3B}.Release|Any CPU.ActiveCfg = Release|Any CPU
		{EEAB1016-0C68-441C-9BED-58C00163BC3B}.Release|Any CPU.Build.0 = Release|Any CPU
		{9530B929-416B-43FE-A1BA-FEEBFFB97575}.Debug|Any CPU.ActiveCfg = Debug|Any CPU
		{9530B929-416B-43FE-A1BA-FEEBFFB97575}.Debug|Any CPU.Build.0 = Debug|Any CPU
		{9530B929-416B-43FE-A1BA-FEEBFFB97575}.Release|Any CPU.ActiveCfg = Release|Any CPU
		{9530B929-416B-43FE-A1BA-FEEBFFB97575}.Release|Any CPU.Build.0 = Release|Any CPU
		{30965CCD-46DF-47A3-BDBC-6FC0B0900B4E}.Debug|Any CPU.ActiveCfg = Debug|Any CPU
		{30965CCD-46DF-47A3-BDBC-6FC0B0900B4E}.Debug|Any CPU.Build.0 = Debug|Any CPU
		{30965CCD-46DF-47A3-BDBC-6FC0B0900B4E}.Release|Any CPU.ActiveCfg = Release|Any CPU
		{30965CCD-46DF-47A3-BDBC-6FC0B0900B4E}.Release|Any CPU.Build.0 = Release|Any CPU
		{428B5A68-922A-4651-88FC-A6C194C10BD8}.Debug|Any CPU.ActiveCfg = Debug|Any CPU
		{428B5A68-922A-4651-88FC-A6C194C10BD8}.Debug|Any CPU.Build.0 = Debug|Any CPU
		{428B5A68-922A-4651-88FC-A6C194C10BD8}.Release|Any CPU.ActiveCfg = Release|Any CPU
		{428B5A68-922A-4651-88FC-A6C194C10BD8}.Release|Any CPU.Build.0 = Release|Any CPU
	EndGlobalSection
	GlobalSection(SolutionProperties) = preSolution
		HideSolutionNode = FALSE
	EndGlobalSection
	GlobalSection(ExtensibilityGlobals) = postSolution
		SolutionGuid = {8571981F-2105-4AD9-B8D6-DCA5475C464F}
	EndGlobalSection
EndGlobal
